
Microsoft Visual Studio Solution File, Format Version 12.00
# Visual Studio Version 17
VisualStudioVersion = 17.5.002.0
MinimumVisualStudioVersion = 10.0.40219.1
Project("{9A19103F-16F7-4668-BE54-9A1E7A4F7556}") = "Projeto", "Projeto\Projeto.csproj", "{56EF1048-E36D-47C8-8D13-9D19DFD7590A}"
EndProject
Global
	GlobalSection(SolutionConfigurationPlatforms) = preSolution
		Debug|Any CPU = Debug|Any CPU
		Release|Any CPU = Release|Any CPU
	EndGlobalSection
	GlobalSection(ProjectConfigurationPlatforms) = postSolution
		{56EF1048-E36D-47C8-8D13-9D19DFD7590A}.Debug|Any CPU.ActiveCfg = Debug|Any CPU
		{56EF1048-E36D-47C8-8D13-9D19DFD7590A}.Debug|Any CPU.Build.0 = Debug|Any CPU
		{56EF1048-E36D-47C8-8D13-9D19DFD7590A}.Release|Any CPU.ActiveCfg = Release|Any CPU
		{56EF1048-E36D-47C8-8D13-9D19DFD7590A}.Release|Any CPU.Build.0 = Release|Any CPU
	EndGlobalSection
	GlobalSection(SolutionProperties) = preSolution
		HideSolutionNode = FALSE
	EndGlobalSection
	GlobalSection(ExtensibilityGlobals) = postSolution
		SolutionGuid = {54C652CB-65BD-4696-92EF-E232A3743285}
	EndGlobalSection
EndGlobal
